
Microsoft Visual Studio Solution File, Format Version 12.00
# Visual Studio 14
VisualStudioVersion = 14.0.25123.0
MinimumVisualStudioVersion = 10.0.40219.1
Project("{FAE04EC0-301F-11D3-BF4B-00C04F79EFBC}") = "DotNetOpenSourceTutorials", "DotNetOpenSourceTutorials\DotNetOpenSourceTutorials.csproj", "{1D994501-F32C-4474-90F1-CDFE9EDB2197}"
EndProject
Project("{8BB2217D-0F2D-49D1-97BC-3654ED321F3B}") = "BasicConditionals_JSW", "..\BasicConditionals\BasicConditionals_JSW.xproj", "{2FD1036B-A60E-4416-83FE-ED041D3A576D}"
EndProject
Project("{8BB2217D-0F2D-49D1-97BC-3654ED321F3B}") = "WorkingWithIntegers_JSW", "WorkingWithIntegers_JSW\WorkingWithIntegers_JSW.xproj", "{46875DAC-60B9-4175-8494-7698D592B81D}"
EndProject
Project("{2150E333-8FDC-42A3-9474-1A3956D46DE8}") = "MVC_Explanation", "MVC_Explanation", "{D7A9BA14-57B6-4968-BB36-B727FBB35009}"
EndProject
Project("{8BB2217D-0F2D-49D1-97BC-3654ED321F3B}") = "StringsExample_JSW", "StringsExample_JSW\StringsExample_JSW.xproj", "{DB155812-1973-4074-8359-07E02DEBA3EC}"
EndProject
Project("{8BB2217D-0F2D-49D1-97BC-3654ED321F3B}") = "Loops_JSW", "Loops_JSW\Loops_JSW.xproj", "{01AD74BD-B7EC-4145-977C-96A40F2B7AA1}"
EndProject
Project("{8BB2217D-0F2D-49D1-97BC-3654ED321F3B}") = "ForEachChallenge_JSW", "ForEachChallenge_JSW\ForEachChallenge_JSW.xproj", "{42AC093C-0E8B-4275-8FB6-16C4F8D09D9D}"
EndProject
Project("{8BB2217D-0F2D-49D1-97BC-3654ED321F3B}") = "HowManyVowelsChallenge_JSW", "HowManyVowelsChallenge\HowManyVowelsChallenge_JSW.xproj", "{8B64592A-BC90-47D9-8E29-C7DF434C0485}"
EndProject
Project("{8BB2217D-0F2D-49D1-97BC-3654ED321F3B}") = "IntroToFunctions_JSW", "IntroToFunctions\IntroToFunctions_JSW.xproj", "{83D33BDB-FAF6-4C5F-82AF-BDDBE1323B8B}"
EndProject
Project("{8BB2217D-0F2D-49D1-97BC-3654ED321F3B}") = "NetflixChallenge_JSW", "NetflixChallenge_JSW\NetflixChallenge_JSW.xproj", "{418B228D-1F2E-406A-9EC4-395DE5219587}"
EndProject
Project("{8BB2217D-0F2D-49D1-97BC-3654ED321F3B}") = "NetflixChallengeAnswer_JSW", "NetflixChallengeAnswer_JSW\NetflixChallengeAnswer_JSW.xproj", "{F5C14A98-D09F-44D9-B595-4905FFC7B354}"
EndProject
Global
	GlobalSection(SolutionConfigurationPlatforms) = preSolution
		Debug|Any CPU = Debug|Any CPU
		Release|Any CPU = Release|Any CPU
	EndGlobalSection
	GlobalSection(ProjectConfigurationPlatforms) = postSolution
		{1D994501-F32C-4474-90F1-CDFE9EDB2197}.Debug|Any CPU.ActiveCfg = Debug|Any CPU
		{1D994501-F32C-4474-90F1-CDFE9EDB2197}.Debug|Any CPU.Build.0 = Debug|Any CPU
		{1D994501-F32C-4474-90F1-CDFE9EDB2197}.Release|Any CPU.ActiveCfg = Release|Any CPU
		{1D994501-F32C-4474-90F1-CDFE9EDB2197}.Release|Any CPU.Build.0 = Release|Any CPU
		{2FD1036B-A60E-4416-83FE-ED041D3A576D}.Debug|Any CPU.ActiveCfg = Debug|Any CPU
		{2FD1036B-A60E-4416-83FE-ED041D3A576D}.Debug|Any CPU.Build.0 = Debug|Any CPU
		{2FD1036B-A60E-4416-83FE-ED041D3A576D}.Release|Any CPU.ActiveCfg = Release|Any CPU
		{2FD1036B-A60E-4416-83FE-ED041D3A576D}.Release|Any CPU.Build.0 = Release|Any CPU
		{46875DAC-60B9-4175-8494-7698D592B81D}.Debug|Any CPU.ActiveCfg = Debug|Any CPU
		{46875DAC-60B9-4175-8494-7698D592B81D}.Debug|Any CPU.Build.0 = Debug|Any CPU
		{46875DAC-60B9-4175-8494-7698D592B81D}.Release|Any CPU.ActiveCfg = Release|Any CPU
		{46875DAC-60B9-4175-8494-7698D592B81D}.Release|Any CPU.Build.0 = Release|Any CPU
		{DB155812-1973-4074-8359-07E02DEBA3EC}.Debug|Any CPU.ActiveCfg = Debug|Any CPU
		{DB155812-1973-4074-8359-07E02DEBA3EC}.Debug|Any CPU.Build.0 = Debug|Any CPU
		{DB155812-1973-4074-8359-07E02DEBA3EC}.Release|Any CPU.ActiveCfg = Release|Any CPU
		{DB155812-1973-4074-8359-07E02DEBA3EC}.Release|Any CPU.Build.0 = Release|Any CPU
		{01AD74BD-B7EC-4145-977C-96A40F2B7AA1}.Debug|Any CPU.ActiveCfg = Debug|Any CPU
		{01AD74BD-B7EC-4145-977C-96A40F2B7AA1}.Debug|Any CPU.Build.0 = Debug|Any CPU
		{01AD74BD-B7EC-4145-977C-96A40F2B7AA1}.Release|Any CPU.ActiveCfg = Release|Any CPU
		{01AD74BD-B7EC-4145-977C-96A40F2B7AA1}.Release|Any CPU.Build.0 = Release|Any CPU
		{42AC093C-0E8B-4275-8FB6-16C4F8D09D9D}.Debug|Any CPU.ActiveCfg = Debug|Any CPU
		{42AC093C-0E8B-4275-8FB6-16C4F8D09D9D}.Debug|Any CPU.Build.0 = Debug|Any CPU
		{42AC093C-0E8B-4275-8FB6-16C4F8D09D9D}.Release|Any CPU.ActiveCfg = Release|Any CPU
		{42AC093C-0E8B-4275-8FB6-16C4F8D09D9D}.Release|Any CPU.Build.0 = Release|Any CPU
		{8B64592A-BC90-47D9-8E29-C7DF434C0485}.Debug|Any CPU.ActiveCfg = Debug|Any CPU
		{8B64592A-BC90-47D9-8E29-C7DF434C0485}.Debug|Any CPU.Build.0 = Debug|Any CPU
		{8B64592A-BC90-47D9-8E29-C7DF434C0485}.Release|Any CPU.ActiveCfg = Release|Any CPU
		{8B64592A-BC90-47D9-8E29-C7DF434C0485}.Release|Any CPU.Build.0 = Release|Any CPU
		{83D33BDB-FAF6-4C5F-82AF-BDDBE1323B8B}.Debug|Any CPU.ActiveCfg = Debug|Any CPU
		{83D33BDB-FAF6-4C5F-82AF-BDDBE1323B8B}.Debug|Any CPU.Build.0 = Debug|Any CPU
		{83D33BDB-FAF6-4C5F-82AF-BDDBE1323B8B}.Release|Any CPU.ActiveCfg = Release|Any CPU
		{83D33BDB-FAF6-4C5F-82AF-BDDBE1323B8B}.Release|Any CPU.Build.0 = Release|Any CPU
		{418B228D-1F2E-406A-9EC4-395DE5219587}.Debug|Any CPU.ActiveCfg = Debug|Any CPU
		{418B228D-1F2E-406A-9EC4-395DE5219587}.Debug|Any CPU.Build.0 = Debug|Any CPU
		{418B228D-1F2E-406A-9EC4-395DE5219587}.Release|Any CPU.ActiveCfg = Release|Any CPU
		{418B228D-1F2E-406A-9EC4-395DE5219587}.Release|Any CPU.Build.0 = Release|Any CPU
		{F5C14A98-D09F-44D9-B595-4905FFC7B354}.Debug|Any CPU.ActiveCfg = Debug|Any CPU
		{F5C14A98-D09F-44D9-B595-4905FFC7B354}.Debug|Any CPU.Build.0 = Debug|Any CPU
		{F5C14A98-D09F-44D9-B595-4905FFC7B354}.Release|Any CPU.ActiveCfg = Release|Any CPU
		{F5C14A98-D09F-44D9-B595-4905FFC7B354}.Release|Any CPU.Build.0 = Release|Any CPU
	EndGlobalSection
	GlobalSection(SolutionProperties) = preSolution
		HideSolutionNode = FALSE
	EndGlobalSection
	GlobalSection(NestedProjects) = preSolution
		{1D994501-F32C-4474-90F1-CDFE9EDB2197} = {D7A9BA14-57B6-4968-BB36-B727FBB35009}
	EndGlobalSection
EndGlobal
